
Microsoft Visual Studio Solution File, Format Version 12.00
# Visual Studio Version 17
VisualStudioVersion = 17.5.002.0
MinimumVisualStudioVersion = 10.0.40219.1
Project("{9A19103F-16F7-4668-BE54-9A1E7A4F7556}") = "task-six-backend", "task-six-backend.csproj", "{4918DCA8-8F86-465D-9513-6D2F8D9363DE}"
EndProject
Global
	GlobalSection(SolutionConfigurationPlatforms) = preSolution
		Debug|Any CPU = Debug|Any CPU
		Release|Any CPU = Release|Any CPU
	EndGlobalSection
	GlobalSection(ProjectConfigurationPlatforms) = postSolution
		{4918DCA8-8F86-465D-9513-6D2F8D9363DE}.Debug|Any CPU.ActiveCfg = Debug|Any CPU
		{4918DCA8-8F86-465D-9513-6D2F8D9363DE}.Debug|Any CPU.Build.0 = Debug|Any CPU
		{4918DCA8-8F86-465D-9513-6D2F8D9363DE}.Release|Any CPU.ActiveCfg = Release|Any CPU
		{4918DCA8-8F86-465D-9513-6D2F8D9363DE}.Release|Any CPU.Build.0 = Release|Any CPU
	EndGlobalSection
	GlobalSection(SolutionProperties) = preSolution
		HideSolutionNode = FALSE
	EndGlobalSection
	GlobalSection(ExtensibilityGlobals) = postSolution
		SolutionGuid = {48FCC298-358A-423A-BA6C-B0E20594E02E}
	EndGlobalSection
EndGlobal
